// !$*UTF8*$!
{
	archiveVersion = 1;
	classes = {
	};
	objectVersion = 56;
	objects = {

/* Begin PBXBuildFile section */
		990AF41529F3BA8800EB6859 /* spot_findApp.swift in Sources */ = {isa = PBXBuildFile; fileRef = 990AF41429F3BA8800EB6859 /* spot_findApp.swift */; };
		990AF41729F3BA8800EB6859 /* ContentView.swift in Sources */ = {isa = PBXBuildFile; fileRef = 990AF41629F3BA8800EB6859 /* ContentView.swift */; };
		990AF41929F3BA8900EB6859 /* Assets.xcassets in Resources */ = {isa = PBXBuildFile; fileRef = 990AF41829F3BA8900EB6859 /* Assets.xcassets */; };
		990AF41C29F3BA8900EB6859 /* Preview Assets.xcassets in Resources */ = {isa = PBXBuildFile; fileRef = 990AF41B29F3BA8900EB6859 /* Preview Assets.xcassets */; };
		990AF42629F3BA8900EB6859 /* spot_findTests.swift in Sources */ = {isa = PBXBuildFile; fileRef = 990AF42529F3BA8900EB6859 /* spot_findTests.swift */; };
		990AF43029F3BA8900EB6859 /* spot_findUITests.swift in Sources */ = {isa = PBXBuildFile; fileRef = 990AF42F29F3BA8900EB6859 /* spot_findUITests.swift */; };
		990AF43229F3BA8900EB6859 /* spot_findUITestsLaunchTests.swift in Sources */ = {isa = PBXBuildFile; fileRef = 990AF43129F3BA8900EB6859 /* spot_findUITestsLaunchTests.swift */; };
/* End PBXBuildFile section */

/* Begin PBXContainerItemProxy section */
		990AF42229F3BA8900EB6859 /* PBXContainerItemProxy */ = {
			isa = PBXContainerItemProxy;
			containerPortal = 990AF40929F3BA8800EB6859 /* Project object */;
			proxyType = 1;
			remoteGlobalIDString = 990AF41029F3BA8800EB6859;
			remoteInfo = "spot-find";
		};
		990AF42C29F3BA8900EB6859 /* PBXContainerItemProxy */ = {
			isa = PBXContainerItemProxy;
			containerPortal = 990AF40929F3BA8800EB6859 /* Project object */;
			proxyType = 1;
			remoteGlobalIDString = 990AF41029F3BA8800EB6859;
			remoteInfo = "spot-find";
		};
/* End PBXContainerItemProxy section */

/* Begin PBXFileReference section */
		990AF41129F3BA8800EB6859 /* spot-find.app */ = {isa = PBXFileReference; explicitFileType = wrapper.application; includeInIndex = 0; path = "spot-find.app"; sourceTree = BUILT_PRODUCTS_DIR; };
		990AF41429F3BA8800EB6859 /* spot_findApp.swift */ = {isa = PBXFileReference; lastKnownFileType = sourcecode.swift; path = spot_findApp.swift; sourceTree = "<group>"; };
		990AF41629F3BA8800EB6859 /* ContentView.swift */ = {isa = PBXFileReference; lastKnownFileType = sourcecode.swift; path = ContentView.swift; sourceTree = "<group>"; };
		990AF41829F3BA8900EB6859 /* Assets.xcassets */ = {isa = PBXFileReference; lastKnownFileType = folder.assetcatalog; path = Assets.xcassets; sourceTree = "<group>"; };
		990AF41B29F3BA8900EB6859 /* Preview Assets.xcassets */ = {isa = PBXFileReference; lastKnownFileType = folder.assetcatalog; path = "Preview Assets.xcassets"; sourceTree = "<group>"; };
		990AF42129F3BA8900EB6859 /* spot-findTests.xctest */ = {isa = PBXFileReference; explicitFileType = wrapper.cfbundle; includeInIndex = 0; path = "spot-findTests.xctest"; sourceTree = BUILT_PRODUCTS_DIR; };
		990AF42529F3BA8900EB6859 /* spot_findTests.swift */ = {isa = PBXFileReference; lastKnownFileType = sourcecode.swift; path = spot_findTests.swift; sourceTree = "<group>"; };
		990AF42B29F3BA8900EB6859 /* spot-findUITests.xctest */ = {isa = PBXFileReference; explicitFileType = wrapper.cfbundle; includeInIndex = 0; path = "spot-findUITests.xctest"; sourceTree = BUILT_PRODUCTS_DIR; };
		990AF42F29F3BA8900EB6859 /* spot_findUITests.swift */ = {isa = PBXFileReference; lastKnownFileType = sourcecode.swift; path = spot_findUITests.swift; sourceTree = "<group>"; };
		990AF43129F3BA8900EB6859 /* spot_findUITestsLaunchTests.swift */ = {isa = PBXFileReference; lastKnownFileType = sourcecode.swift; path = spot_findUITestsLaunchTests.swift; sourceTree = "<group>"; };
/* End PBXFileReference section */

/* Begin PBXFrameworksBuildPhase section */
		990AF40E29F3BA8800EB6859 /* Frameworks */ = {
			isa = PBXFrameworksBuildPhase;
			buildActionMask = 2147483647;
			files = (
			);
			runOnlyForDeploymentPostprocessing = 0;
		};
		990AF41E29F3BA8900EB6859 /* Frameworks */ = {
			isa = PBXFrameworksBuildPhase;
			buildActionMask = 2147483647;
			files = (
			);
			runOnlyForDeploymentPostprocessing = 0;
		};
		990AF42829F3BA8900EB6859 /* Frameworks */ = {
			isa = PBXFrameworksBuildPhase;
			buildActionMask = 2147483647;
			files = (
			);
			runOnlyForDeploymentPostprocessing = 0;
		};
/* End PBXFrameworksBuildPhase section */

/* Begin PBXGroup section */
		990AF40829F3BA8800EB6859 = {
			isa = PBXGroup;
			children = (
				990AF41329F3BA8800EB6859 /* spot-find */,
				990AF42429F3BA8900EB6859 /* spot-findTests */,
				990AF42E29F3BA8900EB6859 /* spot-findUITests */,
				990AF41229F3BA8800EB6859 /* Products */,
			);
			sourceTree = "<group>";
		};
		990AF41229F3BA8800EB6859 /* Products */ = {
			isa = PBXGroup;
			children = (
				990AF41129F3BA8800EB6859 /* spot-find.app */,
				990AF42129F3BA8900EB6859 /* spot-findTests.xctest */,
				990AF42B29F3BA8900EB6859 /* spot-findUITests.xctest */,
			);
			name = Products;
			sourceTree = "<group>";
		};
		990AF41329F3BA8800EB6859 /* spot-find */ = {
			isa = PBXGroup;
			children = (
				990AF41429F3BA8800EB6859 /* spot_findApp.swift */,
				990AF41629F3BA8800EB6859 /* ContentView.swift */,
				990AF41829F3BA8900EB6859 /* Assets.xcassets */,
				990AF41A29F3BA8900EB6859 /* Preview Content */,
			);
			path = "spot-find";
			sourceTree = "<group>";
		};
		990AF41A29F3BA8900EB6859 /* Preview Content */ = {
			isa = PBXGroup;
			children = (
				990AF41B29F3BA8900EB6859 /* Preview Assets.xcassets */,
			);
			path = "Preview Content";
			sourceTree = "<group>";
		};
		990AF42429F3BA8900EB6859 /* spot-findTests */ = {
			isa = PBXGroup;
			children = (
				990AF42529F3BA8900EB6859 /* spot_findTests.swift */,
			);
			path = "spot-findTests";
			sourceTree = "<group>";
		};
		990AF42E29F3BA8900EB6859 /* spot-findUITests */ = {
			isa = PBXGroup;
			children = (
				990AF42F29F3BA8900EB6859 /* spot_findUITests.swift */,
				990AF43129F3BA8900EB6859 /* spot_findUITestsLaunchTests.swift */,
			);
			path = "spot-findUITests";
			sourceTree = "<group>";
		};
/* End PBXGroup section */

/* Begin PBXNativeTarget section */
		990AF41029F3BA8800EB6859 /* spot-find */ = {
			isa = PBXNativeTarget;
			buildConfigurationList = 990AF43529F3BA8900EB6859 /* Build configuration list for PBXNativeTarget "spot-find" */;
			buildPhases = (
				990AF40D29F3BA8800EB6859 /* Sources */,
				990AF40E29F3BA8800EB6859 /* Frameworks */,
				990AF40F29F3BA8800EB6859 /* Resources */,
			);
			buildRules = (
			);
			dependencies = (
			);
			name = "spot-find";
			productName = "spot-find";
			productReference = 990AF41129F3BA8800EB6859 /* spot-find.app */;
			productType = "com.apple.product-type.application";
		};
		990AF42029F3BA8900EB6859 /* spot-findTests */ = {
			isa = PBXNativeTarget;
			buildConfigurationList = 990AF43829F3BA8900EB6859 /* Build configuration list for PBXNativeTarget "spot-findTests" */;
			buildPhases = (
				990AF41D29F3BA8900EB6859 /* Sources */,
				990AF41E29F3BA8900EB6859 /* Frameworks */,
				990AF41F29F3BA8900EB6859 /* Resources */,
			);
			buildRules = (
			);
			dependencies = (
				990AF42329F3BA8900EB6859 /* PBXTargetDependency */,
			);
			name = "spot-findTests";
			productName = "spot-findTests";
			productReference = 990AF42129F3BA8900EB6859 /* spot-findTests.xctest */;
			productType = "com.apple.product-type.bundle.unit-test";
		};
		990AF42A29F3BA8900EB6859 /* spot-findUITests */ = {
			isa = PBXNativeTarget;
			buildConfigurationList = 990AF43B29F3BA8900EB6859 /* Build configuration list for PBXNativeTarget "spot-findUITests" */;
			buildPhases = (
				990AF42729F3BA8900EB6859 /* Sources */,
				990AF42829F3BA8900EB6859 /* Frameworks */,
				990AF42929F3BA8900EB6859 /* Resources */,
			);
			buildRules = (
			);
			dependencies = (
				990AF42D29F3BA8900EB6859 /* PBXTargetDependency */,
			);
			name = "spot-findUITests";
			productName = "spot-findUITests";
			productReference = 990AF42B29F3BA8900EB6859 /* spot-findUITests.xctest */;
			productType = "com.apple.product-type.bundle.ui-testing";
		};
/* End PBXNativeTarget section */

/* Begin PBXProject section */
		990AF40929F3BA8800EB6859 /* Project object */ = {
			isa = PBXProject;
			attributes = {
				BuildIndependentTargetsInParallel = 1;
				LastSwiftUpdateCheck = 1420;
				LastUpgradeCheck = 1420;
				TargetAttributes = {
					990AF41029F3BA8800EB6859 = {
						CreatedOnToolsVersion = 14.2;
					};
					990AF42029F3BA8900EB6859 = {
						CreatedOnToolsVersion = 14.2;
						TestTargetID = 990AF41029F3BA8800EB6859;
					};
					990AF42A29F3BA8900EB6859 = {
						CreatedOnToolsVersion = 14.2;
						TestTargetID = 990AF41029F3BA8800EB6859;
					};
				};
			};
			buildConfigurationList = 990AF40C29F3BA8800EB6859 /* Build configuration list for PBXProject "spot-find" */;
			compatibilityVersion = "Xcode 14.0";
			developmentRegion = en;
			hasScannedForEncodings = 0;
			knownRegions = (
				en,
				Base,
			);
			mainGroup = 990AF40829F3BA8800EB6859;
			productRefGroup = 990AF41229F3BA8800EB6859 /* Products */;
			projectDirPath = "";
			projectRoot = "";
			targets = (
				990AF41029F3BA8800EB6859 /* spot-find */,
				990AF42029F3BA8900EB6859 /* spot-findTests */,
				990AF42A29F3BA8900EB6859 /* spot-findUITests */,
			);
		};
/* End PBXProject section */

/* Begin PBXResourcesBuildPhase section */
		990AF40F29F3BA8800EB6859 /* Resources */ = {
			isa = PBXResourcesBuildPhase;
			buildActionMask = 2147483647;
			files = (
				990AF41C29F3BA8900EB6859 /* Preview Assets.xcassets in Resources */,
				990AF41929F3BA8900EB6859 /* Assets.xcassets in Resources */,
			);
			runOnlyForDeploymentPostprocessing = 0;
		};
		990AF41F29F3BA8900EB6859 /* Resources */ = {
			isa = PBXResourcesBuildPhase;
			buildActionMask = 2147483647;
			files = (
			);
			runOnlyForDeploymentPostprocessing = 0;
		};
		990AF42929F3BA8900EB6859 /* Resources */ = {
			isa = PBXResourcesBuildPhase;
			buildActionMask = 2147483647;
			files = (
			);
			runOnlyForDeploymentPostprocessing = 0;
		};
/* End PBXResourcesBuildPhase section */

/* Begin PBXSourcesBuildPhase section */
		990AF40D29F3BA8800EB6859 /* Sources */ = {
			isa = PBXSourcesBuildPhase;
			buildActionMask = 2147483647;
			files = (
				990AF41729F3BA8800EB6859 /* ContentView.swift in Sources */,
				990AF41529F3BA8800EB6859 /* spot_findApp.swift in Sources */,
			);
			runOnlyForDeploymentPostprocessing = 0;
		};
		990AF41D29F3BA8900EB6859 /* Sources */ = {
			isa = PBXSourcesBuildPhase;
			buildActionMask = 2147483647;
			files = (
				990AF42629F3BA8900EB6859 /* spot_findTests.swift in Sources */,
			);
			runOnlyForDeploymentPostprocessing = 0;
		};
		990AF42729F3BA8900EB6859 /* Sources */ = {
			isa = PBXSourcesBuildPhase;
			buildActionMask = 2147483647;
			files = (
				990AF43029F3BA8900EB6859 /* spot_findUITests.swift in Sources */,
				990AF43229F3BA8900EB6859 /* spot_findUITestsLaunchTests.swift in Sources */,
			);
			runOnlyForDeploymentPostprocessing = 0;
		};
/* End PBXSourcesBuildPhase section */

/* Begin PBXTargetDependency section */
		990AF42329F3BA8900EB6859 /* PBXTargetDependency */ = {
			isa = PBXTargetDependency;
			target = 990AF41029F3BA8800EB6859 /* spot-find */;
			targetProxy = 990AF42229F3BA8900EB6859 /* PBXContainerItemProxy */;
		};
		990AF42D29F3BA8900EB6859 /* PBXTargetDependency */ = {
			isa = PBXTargetDependency;
			target = 990AF41029F3BA8800EB6859 /* spot-find */;
			targetProxy = 990AF42C29F3BA8900EB6859 /* PBXContainerItemProxy */;
		};
/* End PBXTargetDependency section */

/* Begin XCBuildConfiguration section */
		990AF43329F3BA8900EB6859 /* Debug */ = {
			isa = XCBuildConfiguration;
			buildSettings = {
				ALWAYS_SEARCH_USER_PATHS = NO;
				CLANG_ANALYZER_NONNULL = YES;
				CLANG_ANALYZER_NUMBER_OBJECT_CONVERSION = YES_AGGRESSIVE;
				CLANG_CXX_LANGUAGE_STANDARD = "gnu++20";
				CLANG_ENABLE_MODULES = YES;
				CLANG_ENABLE_OBJC_ARC = YES;
				CLANG_ENABLE_OBJC_WEAK = YES;
				CLANG_WARN_BLOCK_CAPTURE_AUTORELEASING = YES;
				CLANG_WARN_BOOL_CONVERSION = YES;
				CLANG_WARN_COMMA = YES;
				CLANG_WARN_CONSTANT_CONVERSION = YES;
				CLANG_WARN_DEPRECATED_OBJC_IMPLEMENTATIONS = YES;
				CLANG_WARN_DIRECT_OBJC_ISA_USAGE = YES_ERROR;
				CLANG_WARN_DOCUMENTATION_COMMENTS = YES;
				CLANG_WARN_EMPTY_BODY = YES;
				CLANG_WARN_ENUM_CONVERSION = YES;
				CLANG_WARN_INFINITE_RECURSION = YES;
				CLANG_WARN_INT_CONVERSION = YES;
				CLANG_WARN_NON_LITERAL_NULL_CONVERSION = YES;
				CLANG_WARN_OBJC_IMPLICIT_RETAIN_SELF = YES;
				CLANG_WARN_OBJC_LITERAL_CONVERSION = YES;
				CLANG_WARN_OBJC_ROOT_CLASS = YES_ERROR;
				CLANG_WARN_QUOTED_INCLUDE_IN_FRAMEWORK_HEADER = YES;
				CLANG_WARN_RANGE_LOOP_ANALYSIS = YES;
				CLANG_WARN_STRICT_PROTOTYPES = YES;
				CLANG_WARN_SUSPICIOUS_MOVE = YES;
				CLANG_WARN_UNGUARDED_AVAILABILITY = YES_AGGRESSIVE;
				CLANG_WARN_UNREACHABLE_CODE = YES;
				CLANG_WARN__DUPLICATE_METHOD_MATCH = YES;
				COPY_PHASE_STRIP = NO;
				DEBUG_INFORMATION_FORMAT = dwarf;
				ENABLE_STRICT_OBJC_MSGSEND = YES;
				ENABLE_TESTABILITY = YES;
				GCC_C_LANGUAGE_STANDARD = gnu11;
				GCC_DYNAMIC_NO_PIC = NO;
				GCC_NO_COMMON_BLOCKS = YES;
				GCC_OPTIMIZATION_LEVEL = 0;
				GCC_PREPROCESSOR_DEFINITIONS = (
					"DEBUG=1",
					"$(inherited)",
				);
				GCC_WARN_64_TO_32_BIT_CONVERSION = YES;
				GCC_WARN_ABOUT_RETURN_TYPE = YES_ERROR;
				GCC_WARN_UNDECLARED_SELECTOR = YES;
				GCC_WARN_UNINITIALIZED_AUTOS = YES_AGGRESSIVE;
				GCC_WARN_UNUSED_FUNCTION = YES;
				GCC_WARN_UNUSED_VARIABLE = YES;
				IPHONEOS_DEPLOYMENT_TARGET = 16.2;
				MTL_ENABLE_DEBUG_INFO = INCLUDE_SOURCE;
				MTL_FAST_MATH = YES;
				ONLY_ACTIVE_ARCH = YES;
				SDKROOT = iphoneos;
				SWIFT_ACTIVE_COMPILATION_CONDITIONS = DEBUG;
				SWIFT_OPTIMIZATION_LEVEL = "-Onone";
			};
			name = Debug;
		};
		990AF43429F3BA8900EB6859 /* Release */ = {
			isa = XCBuildConfiguration;
			buildSettings = {
				ALWAYS_SEARCH_USER_PATHS = NO;
				CLANG_ANALYZER_NONNULL = YES;
				CLANG_ANALYZER_NUMBER_OBJECT_CONVERSION = YES_AGGRESSIVE;
				CLANG_CXX_LANGUAGE_STANDARD = "gnu++20";
				CLANG_ENABLE_MODULES = YES;
				CLANG_ENABLE_OBJC_ARC = YES;
				CLANG_ENABLE_OBJC_WEAK = YES;
				CLANG_WARN_BLOCK_CAPTURE_AUTORELEASING = YES;
				CLANG_WARN_BOOL_CONVERSION = YES;
				CLANG_WARN_COMMA = YES;
				CLANG_WARN_CONSTANT_CONVERSION = YES;
				CLANG_WARN_DEPRECATED_OBJC_IMPLEMENTATIONS = YES;
				CLANG_WARN_DIRECT_OBJC_ISA_USAGE = YES_ERROR;
				CLANG_WARN_DOCUMENTATION_COMMENTS = YES;
				CLANG_WARN_EMPTY_BODY = YES;
				CLANG_WARN_ENUM_CONVERSION = YES;
				CLANG_WARN_INFINITE_RECURSION = YES;
				CLANG_WARN_INT_CONVERSION = YES;
				CLANG_WARN_NON_LITERAL_NULL_CONVERSION = YES;
				CLANG_WARN_OBJC_IMPLICIT_RETAIN_SELF = YES;
				CLANG_WARN_OBJC_LITERAL_CONVERSION = YES;
				CLANG_WARN_OBJC_ROOT_CLASS = YES_ERROR;
				CLANG_WARN_QUOTED_INCLUDE_IN_FRAMEWORK_HEADER = YES;
				CLANG_WARN_RANGE_LOOP_ANALYSIS = YES;
				CLANG_WARN_STRICT_PROTOTYPES = YES;
				CLANG_WARN_SUSPICIOUS_MOVE = YES;
				CLANG_WARN_UNGUARDED_AVAILABILITY = YES_AGGRESSIVE;
				CLANG_WARN_UNREACHABLE_CODE = YES;
				CLANG_WARN__DUPLICATE_METHOD_MATCH = YES;
				COPY_PHASE_STRIP = NO;
				DEBUG_INFORMATION_FORMAT = "dwarf-with-dsym";
				ENABLE_NS_ASSERTIONS = NO;
				ENABLE_STRICT_OBJC_MSGSEND = YES;
				GCC_C_LANGUAGE_STANDARD = gnu11;
				GCC_NO_COMMON_BLOCKS = YES;
				GCC_WARN_64_TO_32_BIT_CONVERSION = YES;
				GCC_WARN_ABOUT_RETURN_TYPE = YES_ERROR;
				GCC_WARN_UNDECLARED_SELECTOR = YES;
				GCC_WARN_UNINITIALIZED_AUTOS = YES_AGGRESSIVE;
				GCC_WARN_UNUSED_FUNCTION = YES;
				GCC_WARN_UNUSED_VARIABLE = YES;
				IPHONEOS_DEPLOYMENT_TARGET = 16.2;
				MTL_ENABLE_DEBUG_INFO = NO;
				MTL_FAST_MATH = YES;
				SDKROOT = iphoneos;
				SWIFT_COMPILATION_MODE = wholemodule;
				SWIFT_OPTIMIZATION_LEVEL = "-O";
				VALIDATE_PRODUCT = YES;
			};
			name = Release;
		};
		990AF43629F3BA8900EB6859 /* Debug */ = {
			isa = XCBuildConfiguration;
			buildSettings = {
				ASSETCATALOG_COMPILER_APPICON_NAME = AppIcon;
				ASSETCATALOG_COMPILER_GLOBAL_ACCENT_COLOR_NAME = AccentColor;
				CODE_SIGN_STYLE = Automatic;
				CURRENT_PROJECT_VERSION = 1;
				DEVELOPMENT_ASSET_PATHS = "\"spot-find/Preview Content\"";
				DEVELOPMENT_TEAM = N97Y4ACV2U;
				ENABLE_PREVIEWS = YES;
				GENERATE_INFOPLIST_FILE = YES;
				INFOPLIST_KEY_UIApplicationSceneManifest_Generation = YES;
				INFOPLIST_KEY_UIApplicationSupportsIndirectInputEvents = YES;
				INFOPLIST_KEY_UILaunchScreen_Generation = YES;
				INFOPLIST_KEY_UISupportedInterfaceOrientations_iPad = "UIInterfaceOrientationPortrait UIInterfaceOrientationPortraitUpsideDown UIInterfaceOrientationLandscapeLeft UIInterfaceOrientationLandscapeRight";
				INFOPLIST_KEY_UISupportedInterfaceOrientations_iPhone = "UIInterfaceOrientationPortrait UIInterfaceOrientationLandscapeLeft UIInterfaceOrientationLandscapeRight";
				LD_RUNPATH_SEARCH_PATHS = (
					"$(inherited)",
					"@executable_path/Frameworks",
				);
				MARKETING_VERSION = 1.0;
				PRODUCT_BUNDLE_IDENTIFIER = "jp.spot-find.spot-find";
				PRODUCT_NAME = "$(TARGET_NAME)";
				SWIFT_EMIT_LOC_STRINGS = YES;
				SWIFT_VERSION = 5.0;
				TARGETED_DEVICE_FAMILY = "1,2";
			};
			name = Debug;
		};
		990AF43729F3BA8900EB6859 /* Release */ = {
			isa = XCBuildConfiguration;
			buildSettings = {
				ASSETCATALOG_COMPILER_APPICON_NAME = AppIcon;
				ASSETCATALOG_COMPILER_GLOBAL_ACCENT_COLOR_NAME = AccentColor;
				CODE_SIGN_STYLE = Automatic;
				CURRENT_PROJECT_VERSION = 1;
				DEVELOPMENT_ASSET_PATHS = "\"spot-find/Preview Content\"";
				DEVELOPMENT_TEAM = N97Y4ACV2U;
				ENABLE_PREVIEWS = YES;
				GENERATE_INFOPLIST_FILE = YES;
				INFOPLIST_KEY_UIApplicationSceneManifest_Generation = YES;
				INFOPLIST_KEY_UIApplicationSupportsIndirectInputEvents = YES;
				INFOPLIST_KEY_UILaunchScreen_Generation = YES;
				INFOPLIST_KEY_UISupportedInterfaceOrientations_iPad = "UIInterfaceOrientationPortrait UIInterfaceOrientationPortraitUpsideDown UIInterfaceOrientationLandscapeLeft UIInterfaceOrientationLandscapeRight";
				INFOPLIST_KEY_UISupportedInterfaceOrientations_iPhone = "UIInterfaceOrientationPortrait UIInterfaceOrientationLandscapeLeft UIInterfaceOrientationLandscapeRight";
				LD_RUNPATH_SEARCH_PATHS = (
					"$(inherited)",
					"@executable_path/Frameworks",
				);
				MARKETING_VERSION = 1.0;
				PRODUCT_BUNDLE_IDENTIFIER = "jp.spot-find.spot-find";
				PRODUCT_NAME = "$(TARGET_NAME)";
				SWIFT_EMIT_LOC_STRINGS = YES;
				SWIFT_VERSION = 5.0;
				TARGETED_DEVICE_FAMILY = "1,2";
			};
			name = Release;
		};
		990AF43929F3BA8900EB6859 /* Debug */ = {
			isa = XCBuildConfiguration;
			buildSettings = {
				ALWAYS_EMBED_SWIFT_STANDARD_LIBRARIES = YES;
				BUNDLE_LOADER = "$(TEST_HOST)";
				CODE_SIGN_STYLE = Automatic;
				CURRENT_PROJECT_VERSION = 1;
				DEVELOPMENT_TEAM = N97Y4ACV2U;
				GENERATE_INFOPLIST_FILE = YES;
				IPHONEOS_DEPLOYMENT_TARGET = 16.2;
				MARKETING_VERSION = 1.0;
				PRODUCT_BUNDLE_IDENTIFIER = "jp.spot-find.spot-findTests";
				PRODUCT_NAME = "$(TARGET_NAME)";
				SWIFT_EMIT_LOC_STRINGS = NO;
				SWIFT_VERSION = 5.0;
				TARGETED_DEVICE_FAMILY = "1,2";
				TEST_HOST = "$(BUILT_PRODUCTS_DIR)/spot-find.app/$(BUNDLE_EXECUTABLE_FOLDER_PATH)/spot-find";
			};
			name = Debug;
		};
		990AF43A29F3BA8900EB6859 /* Release */ = {
			isa = XCBuildConfiguration;
			buildSettings = {
				ALWAYS_EMBED_SWIFT_STANDARD_LIBRARIES = YES;
				BUNDLE_LOADER = "$(TEST_HOST)";
				CODE_SIGN_STYLE = Automatic;
				CURRENT_PROJECT_VERSION = 1;
				DEVELOPMENT_TEAM = N97Y4ACV2U;
				GENERATE_INFOPLIST_FILE = YES;
				IPHONEOS_DEPLOYMENT_TARGET = 16.2;
				MARKETING_VERSION = 1.0;
				PRODUCT_BUNDLE_IDENTIFIER = "jp.spot-find.spot-findTests";
				PRODUCT_NAME = "$(TARGET_NAME)";
				SWIFT_EMIT_LOC_STRINGS = NO;
				SWIFT_VERSION = 5.0;
				TARGETED_DEVICE_FAMILY = "1,2";
				TEST_HOST = "$(BUILT_PRODUCTS_DIR)/spot-find.app/$(BUNDLE_EXECUTABLE_FOLDER_PATH)/spot-find";
			};
			name = Release;
		};
		990AF43C29F3BA8900EB6859 /* Debug */ = {
			isa = XCBuildConfiguration;
			buildSettings = {
				ALWAYS_EMBED_SWIFT_STANDARD_LIBRARIES = YES;
				CODE_SIGN_STYLE = Automatic;
				CURRENT_PROJECT_VERSION = 1;
				DEVELOPMENT_TEAM = N97Y4ACV2U;
				GENERATE_INFOPLIST_FILE = YES;
				MARKETING_VERSION = 1.0;
				PRODUCT_BUNDLE_IDENTIFIER = "jp.spot-find.spot-findUITests";
				PRODUCT_NAME = "$(TARGET_NAME)";
				SWIFT_EMIT_LOC_STRINGS = NO;
				SWIFT_VERSION = 5.0;
				TARGETED_DEVICE_FAMILY = "1,2";
				TEST_TARGET_NAME = "spot-find";
			};
			name = Debug;
		};
		990AF43D29F3BA8900EB6859 /* Release */ = {
			isa = XCBuildConfiguration;
			buildSettings = {
				ALWAYS_EMBED_SWIFT_STANDARD_LIBRARIES = YES;
				CODE_SIGN_STYLE = Automatic;
				CURRENT_PROJECT_VERSION = 1;
				DEVELOPMENT_TEAM = N97Y4ACV2U;
				GENERATE_INFOPLIST_FILE = YES;
				MARKETING_VERSION = 1.0;
				PRODUCT_BUNDLE_IDENTIFIER = "jp.spot-find.spot-findUITests";
				PRODUCT_NAME = "$(TARGET_NAME)";
				SWIFT_EMIT_LOC_STRINGS = NO;
				SWIFT_VERSION = 5.0;
				TARGETED_DEVICE_FAMILY = "1,2";
				TEST_TARGET_NAME = "spot-find";
			};
			name = Release;
		};
/* End XCBuildConfiguration section */

/* Begin XCConfigurationList section */
		990AF40C29F3BA8800EB6859 /* Build configuration list for PBXProject "spot-find" */ = {
			isa = XCConfigurationList;
			buildConfigurations = (
				990AF43329F3BA8900EB6859 /* Debug */,
				990AF43429F3BA8900EB6859 /* Release */,
			);
			defaultConfigurationIsVisible = 0;
			defaultConfigurationName = Release;
		};
		990AF43529F3BA8900EB6859 /* Build configuration list for PBXNativeTarget "spot-find" */ = {
			isa = XCConfigurationList;
			buildConfigurations = (
				990AF43629F3BA8900EB6859 /* Debug */,
				990AF43729F3BA8900EB6859 /* Release */,
			);
			defaultConfigurationIsVisible = 0;
			defaultConfigurationName = Release;
		};
		990AF43829F3BA8900EB6859 /* Build configuration list for PBXNativeTarget "spot-findTests" */ = {
			isa = XCConfigurationList;
			buildConfigurations = (
				990AF43929F3BA8900EB6859 /* Debug */,
				990AF43A29F3BA8900EB6859 /* Release */,
			);
			defaultConfigurationIsVisible = 0;
			defaultConfigurationName = Release;
		};
		990AF43B29F3BA8900EB6859 /* Build configuration list for PBXNativeTarget "spot-findUITests" */ = {
			isa = XCConfigurationList;
			buildConfigurations = (
				990AF43C29F3BA8900EB6859 /* Debug */,
				990AF43D29F3BA8900EB6859 /* Release */,
			);
			defaultConfigurationIsVisible = 0;
			defaultConfigurationName = Release;
		};
/* End XCConfigurationList section */
	};
	rootObject = 990AF40929F3BA8800EB6859 /* Project object */;
}
